
Microsoft Visual Studio Solution File, Format Version 12.00
# Visual Studio Version 17
VisualStudioVersion = 17.4.33122.133
MinimumVisualStudioVersion = 10.0.40219.1
Project("{FAE04EC0-301F-11D3-BF4B-00C04F79EFBC}") = "ConnectorGIS_GMP", "ConnectorGIS_GMP\ConnectorGIS_GMP.csproj", "{3114FE04-051A-4A87-AF5F-14C5F17CD999}"
EndProject
Global
	GlobalSection(SolutionConfigurationPlatforms) = preSolution
		Debug|Any CPU = Debug|Any CPU
		Release|Any CPU = Release|Any CPU
	EndGlobalSection
	GlobalSection(ProjectConfigurationPlatforms) = postSolution
		{3114FE04-051A-4A87-AF5F-14C5F17CD999}.Debug|Any CPU.ActiveCfg = Debug|Any CPU
		{3114FE04-051A-4A87-AF5F-14C5F17CD999}.Debug|Any CPU.Build.0 = Debug|Any CPU
		{3114FE04-051A-4A87-AF5F-14C5F17CD999}.Release|Any CPU.ActiveCfg = Release|Any CPU
		{3114FE04-051A-4A87-AF5F-14C5F17CD999}.Release|Any CPU.Build.0 = Release|Any CPU
	EndGlobalSection
	GlobalSection(SolutionProperties) = preSolution
		HideSolutionNode = FALSE
	EndGlobalSection
	GlobalSection(ExtensibilityGlobals) = postSolution
		SolutionGuid = {80FA89DB-4E90-40D4-9E2B-04A7181CA89B}
	EndGlobalSection
EndGlobal
